<?xml version="1.0" encoding="utf-8"?>
<Project ToolsVersion="4.0" xmlns="http://schemas.microsoft.com/developer/msbuild/2003">
  <ItemGroup>
    <Filter Include="ソース ファイル">
      <UniqueIdentifier>{4FC737F1-C7A5-4376-A066-2A32D752A2FF}</UniqueIdentifier>
      <Extensions>cpp;c;cc;cxx;c++;cppm;ixx;def;odl;idl;hpj;bat;asm;asmx</Extensions>
    </Filter>
    <Filter Include="ヘッダー ファイル">
      <UniqueIdentifier>{93995380-89BD-4b04-88EB-625FBE52EBFB}</UniqueIdentifier>
      <Extensions>h;hh;hpp;hxx;h++;hm;inl;inc;ipp;xsd</Extensions>
    </Filter>
    <Filter Include="リソース ファイル">
      <UniqueIdentifier>{67DA6AB6-F800-4c08-8B7A-83BB121AAD01}</UniqueIdentifier>
      <Extensions>rc;ico;cur;bmp;dlg;rc2;rct;bin;rgs;gif;jpg;jpeg;jpe;resx;tiff;tif;png;wav;mfcribbon-ms</Extensions>
    </Filter>
    <Filter Include="ソース ファイル\GameSystem">
      <UniqueIdentifier>{399cfa9c-c08c-48c8-95a6-7cafd83c6b11}</UniqueIdentifier>
    </Filter>
    <Filter Include="ソース ファイル\GameSystem\GameSetting">
      <UniqueIdentifier>{3ee30540-98ca-4998-a282-ddc65b88336f}</UniqueIdentifier>
    </Filter>
    <Filter Include="ソース ファイル\GameSystem\GameManager">
      <UniqueIdentifier>{0c2213b8-9026-4077-9957-d3fac7f9816f}</UniqueIdentifier>
    </Filter>
    <Filter Include="ソース ファイル\GameSystem\Window">
      <UniqueIdentifier>{b352f600-82c6-4611-9514-945bc7363840}</UniqueIdentifier>
    </Filter>
    <Filter Include="ソース ファイル\Fps">
      <UniqueIdentifier>{6308ae84-1ad1-4d6d-adc9-b11cd1b9bee6}</UniqueIdentifier>
    </Filter>
    <Filter Include="ソース ファイル\Scene">
      <UniqueIdentifier>{ebfaeb77-9cce-4c98-b5db-fc1d6f097d64}</UniqueIdentifier>
    </Filter>
    <Filter Include="ソース ファイル\Scene\SceneBase">
      <UniqueIdentifier>{8e176081-9062-4ab3-a3a3-da44bc803e40}</UniqueIdentifier>
    </Filter>
    <Filter Include="ソース ファイル\Scene\SceneManager">
      <UniqueIdentifier>{489956dc-19f3-4ef8-ac87-8fc9963b0f0d}</UniqueIdentifier>
    </Filter>
    <Filter Include="ソース ファイル\Scene\Title">
      <UniqueIdentifier>{6559662c-7a92-4581-8752-02a768a96a0e}</UniqueIdentifier>
    </Filter>
    <Filter Include="ソース ファイル\Scene\ThreeDays">
      <UniqueIdentifier>{90fffd92-3f9e-4cfd-90e7-6e3ef71e22e8}</UniqueIdentifier>
    </Filter>
    <Filter Include="ソース ファイル\JsonMaster">
      <UniqueIdentifier>{bcc1b068-9efc-4bfe-bddb-297207a7cdf9}</UniqueIdentifier>
    </Filter>
    <Filter Include="ソース ファイル\JsonMaster\IOUtility">
      <UniqueIdentifier>{5f533ff6-83e2-4381-aebf-fb2a78668413}</UniqueIdentifier>
    </Filter>
    <Filter Include="ソース ファイル\JsonMaster\JsonManager">
      <UniqueIdentifier>{8647bdfb-91e8-418a-826e-914a3d55a8b8}</UniqueIdentifier>
    </Filter>
  </ItemGroup>
  <ItemGroup>
    <ClCompile Include="..\SourceCode\Main.cpp">
      <Filter>ソース ファイル</Filter>
    </ClCompile>
    <ClCompile Include="..\SourceCode\GameSystem\GameManager\GameManager.cpp">
      <Filter>ソース ファイル\GameSystem\GameManager</Filter>
    </ClCompile>
    <ClCompile Include="..\SourceCode\GameSystem\GameSetting\GameSetting.cpp">
      <Filter>ソース ファイル\GameSystem\GameSetting</Filter>
    </ClCompile>
    <ClCompile Include="..\SourceCode\GameSystem\Window\Window.cpp">
      <Filter>ソース ファイル\GameSystem\Window</Filter>
    </ClCompile>
    <ClCompile Include="..\SourceCode\Fps\Fps.cpp">
      <Filter>ソース ファイル\Fps</Filter>
    </ClCompile>
    <ClCompile Include="..\SourceCode\Scene\SceneManager\SceneManager.cpp">
      <Filter>ソース ファイル\Scene\SceneManager</Filter>
    </ClCompile>
    <ClCompile Include="..\SourceCode\Scene\SceneBase\SceneBase.cpp">
      <Filter>ソース ファイル\Scene\SceneBase</Filter>
    </ClCompile>
    <ClCompile Include="..\SourceCode\Scene\Title\Title.cpp">
      <Filter>ソース ファイル\Scene\Title</Filter>
    </ClCompile>
    <ClCompile Include="..\SourceCode\Scene\ThreeDays\ThreeDays.cpp">
      <Filter>ソース ファイル\Scene\ThreeDays</Filter>
    </ClCompile>
    <ClCompile Include="..\SourceCode\JsonMaster\IOUtility\IOUtility.cpp">
      <Filter>ソース ファイル\JsonMaster\IOUtility</Filter>
    </ClCompile>
    <ClCompile Include="..\SourceCode\JsonMaster\JsonManager\JsonManager.cpp">
      <Filter>ソース ファイル\JsonMaster\JsonManager</Filter>
    </ClCompile>
  </ItemGroup>
  <ItemGroup>
    <ClInclude Include="..\SourceCode\GameSystem\GameManager\GameManager.h">
      <Filter>ソース ファイル\GameSystem\GameManager</Filter>
    </ClInclude>
    <ClInclude Include="..\SourceCode\GameSystem\GameSetting\GameSetting.h">
      <Filter>ソース ファイル\GameSystem\GameSetting</Filter>
    </ClInclude>
    <ClInclude Include="..\SourceCode\GameSystem\Window\Window.h">
      <Filter>ソース ファイル\GameSystem\Window</Filter>
    </ClInclude>
    <ClInclude Include="..\SourceCode\Fps\Fps.h">
      <Filter>ソース ファイル\Fps</Filter>
    </ClInclude>
    <ClInclude Include="..\SourceCode\Scene\SceneManager\SceneManager.h">
      <Filter>ソース ファイル\Scene\SceneManager</Filter>
    </ClInclude>
    <ClInclude Include="..\SourceCode\Scene\SceneBase\SceneBase.h">
      <Filter>ソース ファイル\Scene\SceneBase</Filter>
    </ClInclude>
    <ClInclude Include="..\SourceCode\Scene\Title\Title.h">
      <Filter>ソース ファイル\Scene\Title</Filter>
    </ClInclude>
    <ClInclude Include="..\SourceCode\Scene\ThreeDays\ThreeDays.h">
      <Filter>ソース ファイル\Scene\ThreeDays</Filter>
    </ClInclude>
    <ClInclude Include="..\SourceCode\JsonMaster\IOUtility\IOUtility.h">
      <Filter>ソース ファイル\JsonMaster\IOUtility</Filter>
    </ClInclude>
    <ClInclude Include="..\SourceCode\JsonMaster\JsonManager\JsonManager.h">
      <Filter>ソース ファイル\JsonMaster\JsonManager</Filter>
    </ClInclude>
  </ItemGroup>
</Project>