<?xml version="1.0" encoding="utf-8"?>
<Project ToolsVersion="4.0" xmlns="http://schemas.microsoft.com/developer/msbuild/2003">
  <ItemGroup>
    <ClCompile Include="..\SourceCode\Main.cpp" />
    <ClCompile Include="..\SourceCode\Fps\Fps.cpp">
      <Filter>ソースコード\FPS</Filter>
    </ClCompile>
    <ClCompile Include="..\SourceCode\GameSystem\GameManager\GameManager.cpp">
      <Filter>ソースコード\GameSystem\GameManager</Filter>
    </ClCompile>
    <ClCompile Include="..\SourceCode\GameSystem\GameSetting\GameSetting.cpp">
      <Filter>ソースコード\GameSystem\GameSetting</Filter>
    </ClCompile>
    <ClCompile Include="..\SourceCode\GameSystem\Window\Window.cpp">
      <Filter>ソースコード\GameSystem\Window</Filter>
    </ClCompile>
    <ClCompile Include="..\SourceCode\JsonMaster\IOUtility\IOUtility.cpp">
      <Filter>ソースコード\JsonMaster\IOUtility</Filter>
    </ClCompile>
    <ClCompile Include="..\SourceCode\JsonMaster\JsonManager\JsonManager.cpp">
      <Filter>ソースコード\JsonMaster\JsonManager</Filter>
    </ClCompile>
    <ClCompile Include="..\SourceCode\LevelController\LevelController.cpp">
      <Filter>ソースコード\LevelController</Filter>
    </ClCompile>
    <ClCompile Include="..\SourceCode\Object\MouseBase\MouseBase.cpp">
      <Filter>ソースコード\Object\MouseBase</Filter>
    </ClCompile>
    <ClCompile Include="..\SourceCode\Object\ObjectManager\ObjectManager.cpp">
      <Filter>ソースコード\Object\ObjectManager</Filter>
    </ClCompile>
    <ClCompile Include="..\SourceCode\Object\ObjectBase\ObjectBase.cpp">
      <Filter>ソースコード\Object\ObjectBase</Filter>
    </ClCompile>
    <ClCompile Include="..\SourceCode\Scene\SceneBase\SceneBase.cpp">
      <Filter>ソースコード\Scene\SceneBase</Filter>
    </ClCompile>
    <ClCompile Include="..\SourceCode\Scene\SceneManager\SceneManager.cpp">
      <Filter>ソースコード\Scene\SceneManager</Filter>
    </ClCompile>
    <ClCompile Include="..\SourceCode\Scene\Title\Title.cpp">
      <Filter>ソースコード\Scene\Title</Filter>
    </ClCompile>
    <ClCompile Include="..\SourceCode\Scene\ThreeDays\ThreeDays.cpp">
      <Filter>ソースコード\Scene\ThreeDays</Filter>
    </ClCompile>
    <ClCompile Include="..\SourceCode\Object\CharaObj\Player\Player.cpp">
      <Filter>ソースコード\Object\CharaObj\Player</Filter>
    </ClCompile>
    <ClCompile Include="..\SourceCode\Collision\Collision.cpp">
      <Filter>ソースコード\Collision</Filter>
    </ClCompile>
    <ClCompile Include="..\SourceCode\Object\StageObj\AreaNumController\AreaNumController.cpp">
      <Filter>ソースコード\Object\StageObj\AreaNumController</Filter>
    </ClCompile>
    <ClCompile Include="..\SourceCode\Object\StageObj\MoveArea\MoveArea.cpp">
      <Filter>ソースコード\Object\StageObj\MoveArea</Filter>
    </ClCompile>
    <ClCompile Include="..\SourceCode\Object\StageObj\Item\Item.cpp">
      <Filter>ソースコード\Object\StageObj\Item</Filter>
    </ClCompile>
    <ClCompile Include="..\SourceCode\Object\StageObj\Area\Area.cpp">
      <Filter>ソースコード\Object\StageObj\Area</Filter>
    </ClCompile>
    <ClCompile Include="..\SourceCode\Object\CharaObj\AvoidStatus\AvoidStatus.cpp">
      <Filter>ソースコード\Object\CharaObj\AvoidStatus</Filter>
    </ClCompile>
    <ClCompile Include="..\SourceCode\Object\CharaObj\Avoid\Avoid.cpp">
      <Filter>ソースコード\Object\CharaObj\Avoid</Filter>
    </ClCompile>
    <ClCompile Include="..\SourceCode\Object\CharaObj\HatUi\HatUi.cpp">
      <Filter>ソースコード\Object\CharaObj\HatUi</Filter>
    </ClCompile>
    <ClCompile Include="..\SourceCode\Object\StageObj\ClockWork\ClockWork\ClockWork.cpp">
      <Filter>ソースコード\Object\StageObj\ClockWork\ClockWork</Filter>
    </ClCompile>
    <ClCompile Include="..\SourceCode\Object\StageObj\ClockWork\RPMController\RPMController.cpp">
      <Filter>ソースコード\Object\StageObj\ClockWork\RPMController</Filter>
    </ClCompile>
    <ClCompile Include="..\SourceCode\Object\StageObj\WarningUi\WarningUi.cpp">
      <Filter>ソースコード\Object\StageObj\WarningUi</Filter>
    </ClCompile>
    <ClCompile Include="..\SourceCode\Object\CharaObj\LightController\LightController.cpp">
      <Filter>ソースコード\Object\CharaObj\LightController</Filter>
    </ClCompile>
    <ClCompile Include="..\SourceCode\Object\StageObj\Norm\Norm.cpp">
      <Filter>ソースコード\Object\StageObj\Norm</Filter>
    </ClCompile>
  </ItemGroup>
  <ItemGroup>
    <ClInclude Include="..\SourceCode\Fps\Fps.h">
      <Filter>ソースコード\FPS</Filter>
    </ClInclude>
    <ClInclude Include="..\SourceCode\GameSystem\GameManager\GameManager.h">
      <Filter>ソースコード\GameSystem\GameManager</Filter>
    </ClInclude>
    <ClInclude Include="..\SourceCode\GameSystem\GameSetting\GameSetting.h">
      <Filter>ソースコード\GameSystem\GameSetting</Filter>
    </ClInclude>
    <ClInclude Include="..\SourceCode\GameSystem\Window\Window.h">
      <Filter>ソースコード\GameSystem\Window</Filter>
    </ClInclude>
    <ClInclude Include="..\SourceCode\JsonMaster\IOUtility\IOUtility.h">
      <Filter>ソースコード\JsonMaster\IOUtility</Filter>
    </ClInclude>
    <ClInclude Include="..\SourceCode\JsonMaster\JsonManager\JsonManager.h">
      <Filter>ソースコード\JsonMaster\JsonManager</Filter>
    </ClInclude>
    <ClInclude Include="..\SourceCode\Object\ObjectManager\GameStatus.h">
      <Filter>ソースコード\Object\ObjectManager</Filter>
    </ClInclude>
    <ClInclude Include="..\SourceCode\Object\ObjectTag\Global_ObjectTag.h">
      <Filter>ソースコード\Object\ObjectTag</Filter>
    </ClInclude>
    <ClInclude Include="..\SourceCode\LevelController\LevelController.h">
      <Filter>ソースコード\LevelController</Filter>
    </ClInclude>
    <ClInclude Include="..\SourceCode\LevelController\LevelStatus.h">
      <Filter>ソースコード\LevelController</Filter>
    </ClInclude>
    <ClInclude Include="..\SourceCode\Object\MouseBase\MouseBase.h">
      <Filter>ソースコード\Object\MouseBase</Filter>
    </ClInclude>
    <ClInclude Include="..\SourceCode\Object\ObjectManager\ObjectManager.h">
      <Filter>ソースコード\Object\ObjectManager</Filter>
    </ClInclude>
    <ClInclude Include="..\SourceCode\Object\ObjectBase\ObjectBase.h">
      <Filter>ソースコード\Object\ObjectBase</Filter>
    </ClInclude>
    <ClInclude Include="..\SourceCode\Object\ObjectTag\ThreeDays_ObjectTag.h">
      <Filter>ソースコード\Object\ObjectTag</Filter>
    </ClInclude>
    <ClInclude Include="..\SourceCode\Object\ObjectTag\Result_ObjectTag.h">
      <Filter>ソースコード\Object\ObjectTag</Filter>
    </ClInclude>
    <ClInclude Include="..\SourceCode\Scene\SceneBase\SceneBase.h">
      <Filter>ソースコード\Scene\SceneBase</Filter>
    </ClInclude>
    <ClInclude Include="..\SourceCode\Scene\SceneManager\SceneManager.h">
      <Filter>ソースコード\Scene\SceneManager</Filter>
    </ClInclude>
    <ClInclude Include="..\SourceCode\Scene\Title\Title.h">
      <Filter>ソースコード\Scene\Title</Filter>
    </ClInclude>
    <ClInclude Include="..\SourceCode\Scene\ThreeDays\ThreeDays.h">
      <Filter>ソースコード\Scene\ThreeDays</Filter>
    </ClInclude>
    <ClInclude Include="..\SourceCode\Object\CharaObj\Player\Player.h">
      <Filter>ソースコード\Object\CharaObj\Player</Filter>
    </ClInclude>
    <ClInclude Include="..\SourceCode\Collision\Collision.h">
      <Filter>ソースコード\Collision</Filter>
    </ClInclude>
    <ClInclude Include="..\SourceCode\Object\StageObj\AreaNumController\AreaNumController.h">
      <Filter>ソースコード\Object\StageObj\AreaNumController</Filter>
    </ClInclude>
    <ClInclude Include="..\SourceCode\Object\StageObj\MoveArea\MoveArea.h">
      <Filter>ソースコード\Object\StageObj\MoveArea</Filter>
    </ClInclude>
    <ClInclude Include="..\SourceCode\Object\StageObj\Item\Item.h">
      <Filter>ソースコード\Object\StageObj\Item</Filter>
    </ClInclude>
    <ClInclude Include="..\SourceCode\Object\StageObj\Area\Area.h">
      <Filter>ソースコード\Object\StageObj\Area</Filter>
    </ClInclude>
    <ClInclude Include="..\SourceCode\Object\StageObj\Area\AreaMove_PosTag.h">
      <Filter>ソースコード\Object\StageObj\Area</Filter>
    </ClInclude>
    <ClInclude Include="..\SourceCode\Object\CharaObj\AvoidStatus\AvoidStatus.h">
      <Filter>ソースコード\Object\CharaObj\AvoidStatus</Filter>
    </ClInclude>
    <ClInclude Include="..\SourceCode\Object\CharaObj\Avoid\Avoid.h">
      <Filter>ソースコード\Object\CharaObj\Avoid</Filter>
    </ClInclude>
    <ClInclude Include="..\SourceCode\Object\CharaObj\HatUi\HatUi.h">
      <Filter>ソースコード\Object\CharaObj\HatUi</Filter>
    </ClInclude>
    <ClInclude Include="..\SourceCode\Object\StageObj\ClockWork\ClockWork\ClockWork.h">
      <Filter>ソースコード\Object\StageObj\ClockWork\ClockWork</Filter>
    </ClInclude>
    <ClInclude Include="..\SourceCode\Object\StageObj\ClockWork\RPMController\RPMController.h">
      <Filter>ソースコード\Object\StageObj\ClockWork\RPMController</Filter>
    </ClInclude>
    <ClInclude Include="..\SourceCode\Object\StageObj\WarningUi\WarningUi.h">
      <Filter>ソースコード\Object\StageObj\WarningUi</Filter>
    </ClInclude>
    <ClInclude Include="..\SourceCode\Object\CharaObj\LightController\LightController.h">
      <Filter>ソースコード\Object\CharaObj\LightController</Filter>
    </ClInclude>
    <ClInclude Include="..\SourceCode\Object\StageObj\Norm\Norm.h">
      <Filter>ソースコード\Object\StageObj\Norm</Filter>
    </ClInclude>
  </ItemGroup>
  <ItemGroup>
    <Filter Include="ソースコード">
      <UniqueIdentifier>{4c97bfe3-b220-4699-ab5f-12afd8c8ab63}</UniqueIdentifier>
    </Filter>
    <Filter Include="ソースコード\FPS">
      <UniqueIdentifier>{7e59f548-a0dd-4c86-9142-2d8d61a6abd4}</UniqueIdentifier>
    </Filter>
    <Filter Include="ソースコード\GameSystem">
      <UniqueIdentifier>{6cf50328-7983-4c7b-8ab9-207a24900343}</UniqueIdentifier>
    </Filter>
    <Filter Include="ソースコード\GameSystem\GameManager">
      <UniqueIdentifier>{d1b9ff93-2d11-429f-b0b5-7f23715cf113}</UniqueIdentifier>
    </Filter>
    <Filter Include="ソースコード\GameSystem\GameSetting">
      <UniqueIdentifier>{ab1e7ccc-d3db-47ea-b86d-e25b7de06c7f}</UniqueIdentifier>
    </Filter>
    <Filter Include="ソースコード\GameSystem\Window">
      <UniqueIdentifier>{4129b55a-a83a-4baa-b8d3-afdd7c7709a4}</UniqueIdentifier>
    </Filter>
    <Filter Include="ソースコード\JsonMaster">
      <UniqueIdentifier>{8f478e4e-ef05-4ed1-9211-1323602b7bcb}</UniqueIdentifier>
    </Filter>
    <Filter Include="ソースコード\JsonMaster\IOUtility">
      <UniqueIdentifier>{fd7083e2-d94f-4108-84e9-80ac6e7eee70}</UniqueIdentifier>
    </Filter>
    <Filter Include="ソースコード\JsonMaster\JsonManager">
      <UniqueIdentifier>{9beffe08-5bc1-4641-b9da-089cc73d2aa6}</UniqueIdentifier>
    </Filter>
    <Filter Include="ソースコード\Object">
      <UniqueIdentifier>{ab6eac2c-ea8d-4c7f-bb9e-9509be5ecb8f}</UniqueIdentifier>
    </Filter>
    <Filter Include="ソースコード\Object\ObjectBase">
      <UniqueIdentifier>{b0bb6db4-f8bd-43af-96fe-1201fb783019}</UniqueIdentifier>
    </Filter>
    <Filter Include="ソースコード\Object\ObjectManager">
      <UniqueIdentifier>{e01603e6-5860-441a-850a-5a2ef36978bf}</UniqueIdentifier>
    </Filter>
    <Filter Include="ソースコード\Object\ObjectTag">
      <UniqueIdentifier>{07346bb0-4060-431d-ae19-e83836e1562c}</UniqueIdentifier>
    </Filter>
    <Filter Include="ソースコード\LevelController">
      <UniqueIdentifier>{db2edb99-345e-4fd8-9cf1-28c53b17180f}</UniqueIdentifier>
    </Filter>
    <Filter Include="ソースコード\Object\MouseBase">
      <UniqueIdentifier>{6d2b25bb-2de6-4e0d-aaf1-5120ace2f9ee}</UniqueIdentifier>
    </Filter>
    <Filter Include="ソースコード\Scene">
      <UniqueIdentifier>{3669c6b9-df47-4283-9555-418492de2c4d}</UniqueIdentifier>
    </Filter>
    <Filter Include="ソースコード\Scene\SceneBase">
      <UniqueIdentifier>{b1ffdc01-7a44-4d19-97dd-4448ed20d3ac}</UniqueIdentifier>
    </Filter>
    <Filter Include="ソースコード\Scene\SceneManager">
      <UniqueIdentifier>{1f5f97b7-757f-44e7-b696-cda7bf1f09f6}</UniqueIdentifier>
    </Filter>
    <Filter Include="ソースコード\Scene\Title">
      <UniqueIdentifier>{75805411-4c38-4c96-ad7e-829c890d0fbd}</UniqueIdentifier>
    </Filter>
    <Filter Include="ソースコード\Scene\ThreeDays">
      <UniqueIdentifier>{8a1a8d4c-36b8-4b6e-be93-a1dab95ad257}</UniqueIdentifier>
    </Filter>
    <Filter Include="ソースコード\Object\CharaObj">
      <UniqueIdentifier>{5eb7a711-e128-411f-bd54-8f0ee40722e6}</UniqueIdentifier>
    </Filter>
    <Filter Include="ソースコード\Object\CharaObj\Player">
      <UniqueIdentifier>{17415fd4-ada9-4894-8b41-9d431ffa4141}</UniqueIdentifier>
    </Filter>
    <Filter Include="ソースコード\Collision">
      <UniqueIdentifier>{2bf63635-50d1-4b47-8df7-ca907a2b357d}</UniqueIdentifier>
    </Filter>
    <Filter Include="ソースコード\Object\StageObj">
      <UniqueIdentifier>{f4db17a3-478c-4287-9e74-dc29685e15ba}</UniqueIdentifier>
    </Filter>
    <Filter Include="ソースコード\Object\StageObj\AreaNumController">
      <UniqueIdentifier>{2bb104ab-0540-4a99-9a8e-663de4ea44b8}</UniqueIdentifier>
    </Filter>
    <Filter Include="ソースコード\Object\StageObj\MoveArea">
      <UniqueIdentifier>{87ca7c64-27ea-4b59-a868-ee0ce5664a83}</UniqueIdentifier>
    </Filter>
    <Filter Include="ソースコード\Object\StageObj\Item">
      <UniqueIdentifier>{2da624be-ebbd-4b25-ab05-ca2636616973}</UniqueIdentifier>
    </Filter>
    <Filter Include="ソースコード\Object\StageObj\Area">
      <UniqueIdentifier>{a504b461-f384-4d4d-801d-3c055fe6037c}</UniqueIdentifier>
    </Filter>
    <Filter Include="ソースコード\Object\CharaObj\AvoidStatus">
      <UniqueIdentifier>{0b405da2-df31-4d8d-a6ed-e6ff14210a58}</UniqueIdentifier>
    </Filter>
    <Filter Include="ソースコード\Object\CharaObj\Avoid">
      <UniqueIdentifier>{4352ef9b-3cfd-4b40-ae86-2380df9b35cb}</UniqueIdentifier>
    </Filter>
    <Filter Include="ソースコード\Object\CharaObj\HatUi">
      <UniqueIdentifier>{db3e61c9-f456-4caf-bc68-757f869204a0}</UniqueIdentifier>
    </Filter>
    <Filter Include="ソースコード\Object\StageObj\ClockWork">
      <UniqueIdentifier>{84af56d7-23b1-426e-b531-779f78a1feec}</UniqueIdentifier>
    </Filter>
    <Filter Include="ソースコード\Object\StageObj\ClockWork\ClockWork">
      <UniqueIdentifier>{85db2f17-b60d-4625-b713-e56f1448bf6e}</UniqueIdentifier>
    </Filter>
    <Filter Include="ソースコード\Object\StageObj\ClockWork\RPMController">
      <UniqueIdentifier>{5650a5ef-843d-4de9-8bc2-1f54085b9839}</UniqueIdentifier>
    </Filter>
    <Filter Include="ソースコード\Object\StageObj\WarningUi">
      <UniqueIdentifier>{4714c943-0675-488d-9722-3adecca36505}</UniqueIdentifier>
    </Filter>
    <Filter Include="ソースコード\Object\CharaObj\LightController">
      <UniqueIdentifier>{f25751d8-5106-4a83-bba8-ddd806247b25}</UniqueIdentifier>
    </Filter>
    <Filter Include="ソースコード\Object\StageObj\Norm">
      <UniqueIdentifier>{ac1f4139-6f97-4df5-84f5-5fe481075eff}</UniqueIdentifier>
    </Filter>
  </ItemGroup>
</Project>